
Microsoft Visual Studio Solution File, Format Version 12.00
# Visual Studio Version 16
VisualStudioVersion = 16.0.30011.22
MinimumVisualStudioVersion = 10.0.40219.1
Project("{FAE04EC0-301F-11D3-BF4B-00C04F79EFBC}") = "1HospitalDatabase", "1HospitalDatabase\1HospitalDatabase.csproj", "{45880837-AABA-41BC-BB20-FC76165FC260}"
EndProject
Global
	GlobalSection(SolutionConfigurationPlatforms) = preSolution
		Debug|Any CPU = Debug|Any CPU
		Release|Any CPU = Release|Any CPU
	EndGlobalSection
	GlobalSection(ProjectConfigurationPlatforms) = postSolution
		{45880837-AABA-41BC-BB20-FC76165FC260}.Debug|Any CPU.ActiveCfg = Debug|Any CPU
		{45880837-AABA-41BC-BB20-FC76165FC260}.Debug|Any CPU.Build.0 = Debug|Any CPU
		{45880837-AABA-41BC-BB20-FC76165FC260}.Release|Any CPU.ActiveCfg = Release|Any CPU
		{45880837-AABA-41BC-BB20-FC76165FC260}.Release|Any CPU.Build.0 = Release|Any CPU
	EndGlobalSection
	GlobalSection(SolutionProperties) = preSolution
		HideSolutionNode = FALSE
	EndGlobalSection
	GlobalSection(ExtensibilityGlobals) = postSolution
		SolutionGuid = {967DA1E6-9BB0-4FC4-857C-5A10B4E7CD89}
	EndGlobalSection
EndGlobal
